{
  "originHash" : "92463de9cc476cd585fae115e94f978460cf52e440aa4b49b7a5f1dc813df1da",
  "pins" : [
    {
      "identity" : "swift-syntax-xcframeworks",
      "kind" : "remoteSourceControl",
      "location" : "https://github.com/sjavora/swift-syntax-xcframeworks.git",
      "state" : {
        "revision" : "9ee39cc55ade054ed2ec0c6a082476e6d4f074bd",
        "version" : "600.0.1"
      }
    }
  ],
  "version" : 3
}
